
Microsoft Visual Studio Solution File, Format Version 12.00
# Visual Studio Version 17
VisualStudioVersion = 17.14.36203.30
MinimumVisualStudioVersion = 10.0.40219.1
Project("{FAE04EC0-301F-11D3-BF4B-00C04F79EFBC}") = "ComplexSQSConsumerWorker", "SQSConsumerWorker\ComplexSQSConsumerWorker.csproj", "{DB57A696-5C6B-4865-8F1D-FE37A4E34B1D}"
EndProject
Project("{FAE04EC0-301F-11D3-BF4B-00C04F79EFBC}") = "SimpleSQSConsumer", "SimpleSQSConsumer\SimpleSQSConsumer.csproj", "{4C0D172F-9060-4D90-A58A-B5610EFA6C4C}"
EndProject
Global
	GlobalSection(SolutionConfigurationPlatforms) = preSolution
		Debug|Any CPU = Debug|Any CPU
		Release|Any CPU = Release|Any CPU
	EndGlobalSection
	GlobalSection(ProjectConfigurationPlatforms) = postSolution
		{DB57A696-5C6B-4865-8F1D-FE37A4E34B1D}.Debug|Any CPU.ActiveCfg = Debug|Any CPU
		{DB57A696-5C6B-4865-8F1D-FE37A4E34B1D}.Debug|Any CPU.Build.0 = Debug|Any CPU
		{DB57A696-5C6B-4865-8F1D-FE37A4E34B1D}.Release|Any CPU.ActiveCfg = Release|Any CPU
		{DB57A696-5C6B-4865-8F1D-FE37A4E34B1D}.Release|Any CPU.Build.0 = Release|Any CPU
		{4C0D172F-9060-4D90-A58A-B5610EFA6C4C}.Debug|Any CPU.ActiveCfg = Debug|Any CPU
		{4C0D172F-9060-4D90-A58A-B5610EFA6C4C}.Debug|Any CPU.Build.0 = Debug|Any CPU
		{4C0D172F-9060-4D90-A58A-B5610EFA6C4C}.Release|Any CPU.ActiveCfg = Release|Any CPU
		{4C0D172F-9060-4D90-A58A-B5610EFA6C4C}.Release|Any CPU.Build.0 = Release|Any CPU
	EndGlobalSection
	GlobalSection(SolutionProperties) = preSolution
		HideSolutionNode = FALSE
	EndGlobalSection
	GlobalSection(ExtensibilityGlobals) = postSolution
		SolutionGuid = {98DD875A-5344-4E0E-A193-114A78DEE35E}
	EndGlobalSection
EndGlobal
